
Microsoft Visual Studio Solution File, Format Version 12.00
# Visual Studio Version 17
VisualStudioVersion = 17.14.36518.9
MinimumVisualStudioVersion = 10.0.40219.1
Project("{FAE04EC0-301F-11D3-BF4B-00C04F79EFBC}") = "LeagueClassicPickSwapper", "LeagueClassicPickSwapper\LeagueClassicPickSwapper.csproj", "{FB9985EF-92D4-4B83-9DFF-A3C1F7E3B92A}"
EndProject
Project("{FAE04EC0-301F-11D3-BF4B-00C04F79EFBC}") = "mayLCU", "..\mayLCU SLN\mayLCU\mayLCU.csproj", "{9EFEAB5E-8659-10E1-591F-08042506BDA1}"
EndProject
Global
	GlobalSection(SolutionConfigurationPlatforms) = preSolution
		Debug|Any CPU = Debug|Any CPU
		Release|Any CPU = Release|Any CPU
	EndGlobalSection
	GlobalSection(ProjectConfigurationPlatforms) = postSolution
		{FB9985EF-92D4-4B83-9DFF-A3C1F7E3B92A}.Debug|Any CPU.ActiveCfg = Debug|Any CPU
		{FB9985EF-92D4-4B83-9DFF-A3C1F7E3B92A}.Debug|Any CPU.Build.0 = Debug|Any CPU
		{FB9985EF-92D4-4B83-9DFF-A3C1F7E3B92A}.Release|Any CPU.ActiveCfg = Release|Any CPU
		{FB9985EF-92D4-4B83-9DFF-A3C1F7E3B92A}.Release|Any CPU.Build.0 = Release|Any CPU
		{9EFEAB5E-8659-10E1-591F-08042506BDA1}.Debug|Any CPU.ActiveCfg = Debug|Any CPU
		{9EFEAB5E-8659-10E1-591F-08042506BDA1}.Debug|Any CPU.Build.0 = Debug|Any CPU
		{9EFEAB5E-8659-10E1-591F-08042506BDA1}.Release|Any CPU.ActiveCfg = Release|Any CPU
		{9EFEAB5E-8659-10E1-591F-08042506BDA1}.Release|Any CPU.Build.0 = Release|Any CPU
	EndGlobalSection
	GlobalSection(SolutionProperties) = preSolution
		HideSolutionNode = FALSE
	EndGlobalSection
	GlobalSection(ExtensibilityGlobals) = postSolution
		SolutionGuid = {29A9EFF0-0ECD-4587-96B9-E73554304531}
	EndGlobalSection
EndGlobal
